{
    "_readme": [
        "This file locks the dependencies of your project to a known state",
        "Read more about it at https://getcomposer.org/doc/01-basic-usage.md#installing-dependencies",
        "This file is @generated automatically"
    ],
    "content-hash": "4ba910c8737a32107a376ff68cceb646",
    "packages": [
        {
            "name": "ghosty/bag",
            "version": "v1.0.1",
            "source": {
                "type": "git",
                "url": "https://github.com/ghostyPHP/Bag.git",
                "reference": "e4e2af6ce08714b3feb2ef8fc7304d4ed33ed433"
            },
            "dist": {
                "type": "zip",
                "url": "https://api.github.com/repos/ghostyPHP/Bag/zipball/e4e2af6ce08714b3feb2ef8fc7304d4ed33ed433",
                "reference": "e4e2af6ce08714b3feb2ef8fc7304d4ed33ed433",
                "shasum": ""
            },
            "type": "package",
            "autoload": {
                "psr-4": {
                    "Ghosty\\Component\\Bag\\": "src/"
                }
            },
            "notification-url": "https://packagist.org/downloads/",
            "license": [
                "MIT"
            ],
            "authors": [
                {
                    "name": "AnvilM",
                    "email": "211anvil112@gmail.com"
                }
            ],
            "support": {
                "issues": "https://github.com/ghostyPHP/Bag/issues",
                "source": "https://github.com/ghostyPHP/Bag/tree/v1.0.1"
            },
            "time": "2024-07-01T00:20:49+00:00"
        },
        {
            "name": "ghosty/http-foundation",
            "version": "v1.0.3",
            "source": {
                "type": "git",
                "url": "https://github.com/ghostyPHP/HttpFoundation.git",
                "reference": "b7d2fe954e1e7b8ffcb1deef9a5467828eb876e9"
            },
            "dist": {
                "type": "zip",
                "url": "https://api.github.com/repos/ghostyPHP/HttpFoundation/zipball/b7d2fe954e1e7b8ffcb1deef9a5467828eb876e9",
                "reference": "b7d2fe954e1e7b8ffcb1deef9a5467828eb876e9",
                "shasum": ""
            },
            "type": "package",
            "autoload": {
                "psr-4": {
                    "Ghosty\\Component\\HttpFoundation\\": "src/"
                }
            },
            "notification-url": "https://packagist.org/downloads/",
            "license": [
                "MIT"
            ],
            "authors": [
                {
                    "name": "AnvilM",
                    "email": "211anvil112@gmail.com"
                }
            ],
            "description": "Ghosty Http Foundation Component",
            "support": {
                "issues": "https://github.com/ghostyPHP/HttpFoundation/issues",
                "source": "https://github.com/ghostyPHP/HttpFoundation/tree/v1.0.3"
            },
            "time": "2024-06-30T16:37:13+00:00"
        },
        {
            "name": "ghosty/stack",
            "version": "v1.0.3",
            "source": {
                "type": "git",
                "url": "https://github.com/ghostyPHP/Stack.git",
                "reference": "c6e293de49f7a629e41bb005260150409e728ca0"
            },
            "dist": {
                "type": "zip",
                "url": "https://api.github.com/repos/ghostyPHP/Stack/zipball/c6e293de49f7a629e41bb005260150409e728ca0",
                "reference": "c6e293de49f7a629e41bb005260150409e728ca0",
                "shasum": ""
            },
            "type": "package",
            "autoload": {
                "psr-4": {
                    "Ghosty\\Component\\Stack\\": "src/"
                }
            },
            "notification-url": "https://packagist.org/downloads/",
            "license": [
                "MIT"
            ],
            "authors": [
                {
                    "name": "AnvilM",
                    "email": "211anvil112@gmail.com"
                }
            ],
            "description": "The Ghosty Stack component",
            "support": {
                "issues": "https://github.com/ghostyPHP/Stack/issues",
                "source": "https://github.com/ghostyPHP/Stack/tree/v1.0.3"
            },
            "time": "2024-06-30T21:50:05+00:00"
        }
    ],
    "packages-dev": [],
    "aliases": [],
    "minimum-stability": "stable",
    "stability-flags": [],
    "prefer-stable": false,
    "prefer-lowest": false,
    "platform": [],
    "platform-dev": [],
    "plugin-api-version": "2.6.0"
}
